// !$*UTF8*$!
{
	archiveVersion = 1;
	classes = {
	};
	objectVersion = 51;
	objects = {

/* Begin PBXBuildFile section */
		4D4A9DE525EBC439008837B1 /* file.txt in Resources */ = {isa = PBXBuildFile; fileRef = 4D4A9DE425EBC439008837B1 /* file.txt */; };
		4D5011F325E6DF81003DAD6E /* SupportCode.swift in Sources */ = {isa = PBXBuildFile; fileRef = 4D5011F225E6DF81003DAD6E /* SupportCode.swift */; };
		4DAD658425D28C2500A6B1E4 /* AppDelegate.swift in Sources */ = {isa = PBXBuildFile; fileRef = 4DAD658325D28C2500A6B1E4 /* AppDelegate.swift */; };
		4DAD658625D28C2500A6B1E4 /* SceneDelegate.swift in Sources */ = {isa = PBXBuildFile; fileRef = 4DAD658525D28C2500A6B1E4 /* SceneDelegate.swift */; };
		4DAD658825D28C2500A6B1E4 /* ViewController.swift in Sources */ = {isa = PBXBuildFile; fileRef = 4DAD658725D28C2500A6B1E4 /* ViewController.swift */; };
		4DAD658B25D28C2500A6B1E4 /* Main.storyboard in Resources */ = {isa = PBXBuildFile; fileRef = 4DAD658925D28C2500A6B1E4 /* Main.storyboard */; };
		4DAD658D25D28C2600A6B1E4 /* Assets.xcassets in Resources */ = {isa = PBXBuildFile; fileRef = 4DAD658C25D28C2600A6B1E4 /* Assets.xcassets */; };
		4DAD659025D28C2600A6B1E4 /* LaunchScreen.storyboard in Resources */ = {isa = PBXBuildFile; fileRef = 4DAD658E25D28C2600A6B1E4 /* LaunchScreen.storyboard */; };
		C13B749FB07A768B91C4BAA6 /* Pods_LearningSwift.framework in Frameworks */ = {isa = PBXBuildFile; fileRef = E5B0EC7CD217584DFE38933D /* Pods_LearningSwift.framework */; };
/* End PBXBuildFile section */

/* Begin PBXFileReference section */
		4D4A9DE425EBC439008837B1 /* file.txt */ = {isa = PBXFileReference; fileEncoding = 4; lastKnownFileType = text; path = file.txt; sourceTree = SOURCE_ROOT; };
		4D5011F225E6DF81003DAD6E /* SupportCode.swift */ = {isa = PBXFileReference; fileEncoding = 4; lastKnownFileType = sourcecode.swift; path = SupportCode.swift; sourceTree = SOURCE_ROOT; };
		4DAD658025D28C2500A6B1E4 /* LearningSwift.app */ = {isa = PBXFileReference; explicitFileType = wrapper.application; includeInIndex = 0; path = LearningSwift.app; sourceTree = BUILT_PRODUCTS_DIR; };
		4DAD658325D28C2500A6B1E4 /* AppDelegate.swift */ = {isa = PBXFileReference; lastKnownFileType = sourcecode.swift; path = AppDelegate.swift; sourceTree = "<group>"; };
		4DAD658525D28C2500A6B1E4 /* SceneDelegate.swift */ = {isa = PBXFileReference; lastKnownFileType = sourcecode.swift; path = SceneDelegate.swift; sourceTree = "<group>"; };
		4DAD658725D28C2500A6B1E4 /* ViewController.swift */ = {isa = PBXFileReference; lastKnownFileType = sourcecode.swift; path = ViewController.swift; sourceTree = "<group>"; };
		4DAD658A25D28C2500A6B1E4 /* Base */ = {isa = PBXFileReference; lastKnownFileType = file.storyboard; name = Base; path = Base.lproj/Main.storyboard; sourceTree = "<group>"; };
		4DAD658C25D28C2600A6B1E4 /* Assets.xcassets */ = {isa = PBXFileReference; lastKnownFileType = folder.assetcatalog; path = Assets.xcassets; sourceTree = "<group>"; };
		4DAD658F25D28C2600A6B1E4 /* Base */ = {isa = PBXFileReference; lastKnownFileType = file.storyboard; name = Base; path = Base.lproj/LaunchScreen.storyboard; sourceTree = "<group>"; };
		4DAD659125D28C2600A6B1E4 /* Info.plist */ = {isa = PBXFileReference; lastKnownFileType = text.plist.xml; path = Info.plist; sourceTree = "<group>"; };
		D6287C225D6EF70A5121D65A /* Pods-LearningSwift.debug.xcconfig */ = {isa = PBXFileReference; includeInIndex = 1; lastKnownFileType = text.xcconfig; name = "Pods-LearningSwift.debug.xcconfig"; path = "Target Support Files/Pods-LearningSwift/Pods-LearningSwift.debug.xcconfig"; sourceTree = "<group>"; };
		E5B0EC7CD217584DFE38933D /* Pods_LearningSwift.framework */ = {isa = PBXFileReference; explicitFileType = wrapper.framework; includeInIndex = 0; path = Pods_LearningSwift.framework; sourceTree = BUILT_PRODUCTS_DIR; };
		F2C41961A1D421E9BC4F093D /* Pods-LearningSwift.release.xcconfig */ = {isa = PBXFileReference; includeInIndex = 1; lastKnownFileType = text.xcconfig; name = "Pods-LearningSwift.release.xcconfig"; path = "Target Support Files/Pods-LearningSwift/Pods-LearningSwift.release.xcconfig"; sourceTree = "<group>"; };
/* End PBXFileReference section */

/* Begin PBXFrameworksBuildPhase section */
		4DAD657D25D28C2500A6B1E4 /* Frameworks */ = {
			isa = PBXFrameworksBuildPhase;
			buildActionMask = 2147483647;
			files = (
				C13B749FB07A768B91C4BAA6 /* Pods_LearningSwift.framework in Frameworks */,
			);
			runOnlyForDeploymentPostprocessing = 0;
		};
/* End PBXFrameworksBuildPhase section */

/* Begin PBXGroup section */
		11B3CF7A9EBA3855256D8E37 /* Frameworks */ = {
			isa = PBXGroup;
			children = (
				E5B0EC7CD217584DFE38933D /* Pods_LearningSwift.framework */,
			);
			name = Frameworks;
			sourceTree = "<group>";
		};
		2148E200A6810C1DFE86EBB4 /* Pods */ = {
			isa = PBXGroup;
			children = (
				D6287C225D6EF70A5121D65A /* Pods-LearningSwift.debug.xcconfig */,
				F2C41961A1D421E9BC4F093D /* Pods-LearningSwift.release.xcconfig */,
			);
			path = Pods;
			sourceTree = "<group>";
		};
		4DAD657725D28C2500A6B1E4 = {
			isa = PBXGroup;
			children = (
				4DAD658225D28C2500A6B1E4 /* LearningSwift */,
				4DAD658125D28C2500A6B1E4 /* Products */,
				2148E200A6810C1DFE86EBB4 /* Pods */,
				11B3CF7A9EBA3855256D8E37 /* Frameworks */,
			);
			sourceTree = "<group>";
		};
		4DAD658125D28C2500A6B1E4 /* Products */ = {
			isa = PBXGroup;
			children = (
				4DAD658025D28C2500A6B1E4 /* LearningSwift.app */,
			);
			name = Products;
			sourceTree = "<group>";
		};
		4DAD658225D28C2500A6B1E4 /* LearningSwift */ = {
			isa = PBXGroup;
			children = (
				4DAD658325D28C2500A6B1E4 /* AppDelegate.swift */,
				4DAD658525D28C2500A6B1E4 /* SceneDelegate.swift */,
				4DAD658725D28C2500A6B1E4 /* ViewController.swift */,
				4DAD658925D28C2500A6B1E4 /* Main.storyboard */,
				4D5011F225E6DF81003DAD6E /* SupportCode.swift */,
				4DAD658C25D28C2600A6B1E4 /* Assets.xcassets */,
				4DAD658E25D28C2600A6B1E4 /* LaunchScreen.storyboard */,
				4DAD659125D28C2600A6B1E4 /* Info.plist */,
				4D4A9DE425EBC439008837B1 /* file.txt */,
			);
			path = LearningSwift;
			sourceTree = "<group>";
		};
/* End PBXGroup section */

/* Begin PBXNativeTarget section */
		4DAD657F25D28C2500A6B1E4 /* LearningSwift */ = {
			isa = PBXNativeTarget;
			buildConfigurationList = 4DAD659425D28C2600A6B1E4 /* Build configuration list for PBXNativeTarget "LearningSwift" */;
			buildPhases = (
				469FFCBCAB1A94EDFC8A86E5 /* [CP] Check Pods Manifest.lock */,
				4DAD657C25D28C2500A6B1E4 /* Sources */,
				4DAD657D25D28C2500A6B1E4 /* Frameworks */,
				4DAD657E25D28C2500A6B1E4 /* Resources */,
				7B8A8AA2D86E0D5BA3AD6134 /* [CP] Embed Pods Frameworks */,
			);
			buildRules = (
			);
			dependencies = (
			);
			name = LearningSwift;
			productName = LearningSwift;
			productReference = 4DAD658025D28C2500A6B1E4 /* LearningSwift.app */;
			productType = "com.apple.product-type.application";
		};
/* End PBXNativeTarget section */

/* Begin PBXProject section */
		4DAD657825D28C2500A6B1E4 /* Project object */ = {
			isa = PBXProject;
			attributes = {
				LastSwiftUpdateCheck = 1230;
				LastUpgradeCheck = 1230;
				TargetAttributes = {
					4DAD657F25D28C2500A6B1E4 = {
						CreatedOnToolsVersion = 12.3;
					};
				};
			};
			buildConfigurationList = 4DAD657B25D28C2500A6B1E4 /* Build configuration list for PBXProject "LearningSwift" */;
			compatibilityVersion = "Xcode 9.3";
			developmentRegion = en;
			hasScannedForEncodings = 0;
			knownRegions = (
				en,
				Base,
			);
			mainGroup = 4DAD657725D28C2500A6B1E4;
			productRefGroup = 4DAD658125D28C2500A6B1E4 /* Products */;
			projectDirPath = "";
			projectRoot = "";
			targets = (
				4DAD657F25D28C2500A6B1E4 /* LearningSwift */,
			);
		};
/* End PBXProject section */

/* Begin PBXResourcesBuildPhase section */
		4DAD657E25D28C2500A6B1E4 /* Resources */ = {
			isa = PBXResourcesBuildPhase;
			buildActionMask = 2147483647;
			files = (
				4DAD659025D28C2600A6B1E4 /* LaunchScreen.storyboard in Resources */,
				4D4A9DE525EBC439008837B1 /* file.txt in Resources */,
				4DAD658D25D28C2600A6B1E4 /* Assets.xcassets in Resources */,
				4DAD658B25D28C2500A6B1E4 /* Main.storyboard in Resources */,
			);
			runOnlyForDeploymentPostprocessing = 0;
		};
/* End PBXResourcesBuildPhase section */

/* Begin PBXShellScriptBuildPhase section */
		469FFCBCAB1A94EDFC8A86E5 /* [CP] Check Pods Manifest.lock */ = {
			isa = PBXShellScriptBuildPhase;
			buildActionMask = 2147483647;
			files = (
			);
			inputFileListPaths = (
			);
			inputPaths = (
				"${PODS_PODFILE_DIR_PATH}/Podfile.lock",
				"${PODS_ROOT}/Manifest.lock",
			);
			name = "[CP] Check Pods Manifest.lock";
			outputFileListPaths = (
			);
			outputPaths = (
				"$(DERIVED_FILE_DIR)/Pods-LearningSwift-checkManifestLockResult.txt",
			);
			runOnlyForDeploymentPostprocessing = 0;
			shellPath = /bin/sh;
			shellScript = "diff \"${PODS_PODFILE_DIR_PATH}/Podfile.lock\" \"${PODS_ROOT}/Manifest.lock\" > /dev/null\nif [ $? != 0 ] ; then\n    # print error to STDERR\n    echo \"error: The sandbox is not in sync with the Podfile.lock. Run 'pod install' or update your CocoaPods installation.\" >&2\n    exit 1\nfi\n# This output is used by Xcode 'outputs' to avoid re-running this script phase.\necho \"SUCCESS\" > \"${SCRIPT_OUTPUT_FILE_0}\"\n";
			showEnvVarsInLog = 0;
		};
		7B8A8AA2D86E0D5BA3AD6134 /* [CP] Embed Pods Frameworks */ = {
			isa = PBXShellScriptBuildPhase;
			buildActionMask = 2147483647;
			files = (
			);
			inputFileListPaths = (
				"${PODS_ROOT}/Target Support Files/Pods-LearningSwift/Pods-LearningSwift-frameworks-${CONFIGURATION}-input-files.xcfilelist",
			);
			name = "[CP] Embed Pods Frameworks";
			outputFileListPaths = (
				"${PODS_ROOT}/Target Support Files/Pods-LearningSwift/Pods-LearningSwift-frameworks-${CONFIGURATION}-output-files.xcfilelist",
			);
			runOnlyForDeploymentPostprocessing = 0;
			shellPath = /bin/sh;
			shellScript = "\"${PODS_ROOT}/Target Support Files/Pods-LearningSwift/Pods-LearningSwift-frameworks.sh\"\n";
			showEnvVarsInLog = 0;
		};
/* End PBXShellScriptBuildPhase section */

/* Begin PBXSourcesBuildPhase section */
		4DAD657C25D28C2500A6B1E4 /* Sources */ = {
			isa = PBXSourcesBuildPhase;
			buildActionMask = 2147483647;
			files = (
				4D5011F325E6DF81003DAD6E /* SupportCode.swift in Sources */,
				4DAD658825D28C2500A6B1E4 /* ViewController.swift in Sources */,
				4DAD658425D28C2500A6B1E4 /* AppDelegate.swift in Sources */,
				4DAD658625D28C2500A6B1E4 /* SceneDelegate.swift in Sources */,
			);
			runOnlyForDeploymentPostprocessing = 0;
		};
/* End PBXSourcesBuildPhase section */

/* Begin PBXVariantGroup section */
		4DAD658925D28C2500A6B1E4 /* Main.storyboard */ = {
			isa = PBXVariantGroup;
			children = (
				4DAD658A25D28C2500A6B1E4 /* Base */,
			);
			name = Main.storyboard;
			sourceTree = "<group>";
		};
		4DAD658E25D28C2600A6B1E4 /* LaunchScreen.storyboard */ = {
			isa = PBXVariantGroup;
			children = (
				4DAD658F25D28C2600A6B1E4 /* Base */,
			);
			name = LaunchScreen.storyboard;
			sourceTree = "<group>";
		};
/* End PBXVariantGroup section */

/* Begin XCBuildConfiguration section */
		4DAD659225D28C2600A6B1E4 /* Debug */ = {
			isa = XCBuildConfiguration;
			buildSettings = {
				ALWAYS_SEARCH_USER_PATHS = NO;
				CLANG_ANALYZER_NONNULL = YES;
				CLANG_ANALYZER_NUMBER_OBJECT_CONVERSION = YES_AGGRESSIVE;
				CLANG_CXX_LANGUAGE_STANDARD = "gnu++14";
				CLANG_CXX_LIBRARY = "libc++";
				CLANG_ENABLE_MODULES = YES;
				CLANG_ENABLE_OBJC_ARC = YES;
				CLANG_ENABLE_OBJC_WEAK = YES;
				CLANG_WARN_BLOCK_CAPTURE_AUTORELEASING = YES;
				CLANG_WARN_BOOL_CONVERSION = YES;
				CLANG_WARN_COMMA = YES;
				CLANG_WARN_CONSTANT_CONVERSION = YES;
				CLANG_WARN_DEPRECATED_OBJC_IMPLEMENTATIONS = YES;
				CLANG_WARN_DIRECT_OBJC_ISA_USAGE = YES_ERROR;
				CLANG_WARN_DOCUMENTATION_COMMENTS = YES;
				CLANG_WARN_EMPTY_BODY = YES;
				CLANG_WARN_ENUM_CONVERSION = YES;
				CLANG_WARN_INFINITE_RECURSION = YES;
				CLANG_WARN_INT_CONVERSION = YES;
				CLANG_WARN_NON_LITERAL_NULL_CONVERSION = YES;
				CLANG_WARN_OBJC_IMPLICIT_RETAIN_SELF = YES;
				CLANG_WARN_OBJC_LITERAL_CONVERSION = YES;
				CLANG_WARN_OBJC_ROOT_CLASS = YES_ERROR;
				CLANG_WARN_QUOTED_INCLUDE_IN_FRAMEWORK_HEADER = YES;
				CLANG_WARN_RANGE_LOOP_ANALYSIS = YES;
				CLANG_WARN_STRICT_PROTOTYPES = YES;
				CLANG_WARN_SUSPICIOUS_MOVE = YES;
				CLANG_WARN_UNGUARDED_AVAILABILITY = YES_AGGRESSIVE;
				CLANG_WARN_UNREACHABLE_CODE = YES;
				CLANG_WARN__DUPLICATE_METHOD_MATCH = YES;
				COPY_PHASE_STRIP = NO;
				DEBUG_INFORMATION_FORMAT = dwarf;
				ENABLE_STRICT_OBJC_MSGSEND = YES;
				ENABLE_TESTABILITY = YES;
				GCC_C_LANGUAGE_STANDARD = gnu11;
				GCC_DYNAMIC_NO_PIC = NO;
				GCC_NO_COMMON_BLOCKS = YES;
				GCC_OPTIMIZATION_LEVEL = 0;
				GCC_PREPROCESSOR_DEFINITIONS = (
					"DEBUG=1",
					"$(inherited)",
				);
				GCC_WARN_64_TO_32_BIT_CONVERSION = YES;
				GCC_WARN_ABOUT_RETURN_TYPE = YES_ERROR;
				GCC_WARN_UNDECLARED_SELECTOR = YES;
				GCC_WARN_UNINITIALIZED_AUTOS = YES_AGGRESSIVE;
				GCC_WARN_UNUSED_FUNCTION = YES;
				GCC_WARN_UNUSED_VARIABLE = YES;
				IPHONEOS_DEPLOYMENT_TARGET = 14.3;
				MTL_ENABLE_DEBUG_INFO = INCLUDE_SOURCE;
				MTL_FAST_MATH = YES;
				ONLY_ACTIVE_ARCH = YES;
				SDKROOT = iphoneos;
				SWIFT_ACTIVE_COMPILATION_CONDITIONS = DEBUG;
				SWIFT_OPTIMIZATION_LEVEL = "-Onone";
			};
			name = Debug;
		};
		4DAD659325D28C2600A6B1E4 /* Release */ = {
			isa = XCBuildConfiguration;
			buildSettings = {
				ALWAYS_SEARCH_USER_PATHS = NO;
				CLANG_ANALYZER_NONNULL = YES;
				CLANG_ANALYZER_NUMBER_OBJECT_CONVERSION = YES_AGGRESSIVE;
				CLANG_CXX_LANGUAGE_STANDARD = "gnu++14";
				CLANG_CXX_LIBRARY = "libc++";
				CLANG_ENABLE_MODULES = YES;
				CLANG_ENABLE_OBJC_ARC = YES;
				CLANG_ENABLE_OBJC_WEAK = YES;
				CLANG_WARN_BLOCK_CAPTURE_AUTORELEASING = YES;
				CLANG_WARN_BOOL_CONVERSION = YES;
				CLANG_WARN_COMMA = YES;
				CLANG_WARN_CONSTANT_CONVERSION = YES;
				CLANG_WARN_DEPRECATED_OBJC_IMPLEMENTATIONS = YES;
				CLANG_WARN_DIRECT_OBJC_ISA_USAGE = YES_ERROR;
				CLANG_WARN_DOCUMENTATION_COMMENTS = YES;
				CLANG_WARN_EMPTY_BODY = YES;
				CLANG_WARN_ENUM_CONVERSION = YES;
				CLANG_WARN_INFINITE_RECURSION = YES;
				CLANG_WARN_INT_CONVERSION = YES;
				CLANG_WARN_NON_LITERAL_NULL_CONVERSION = YES;
				CLANG_WARN_OBJC_IMPLICIT_RETAIN_SELF = YES;
				CLANG_WARN_OBJC_LITERAL_CONVERSION = YES;
				CLANG_WARN_OBJC_ROOT_CLASS = YES_ERROR;
				CLANG_WARN_QUOTED_INCLUDE_IN_FRAMEWORK_HEADER = YES;
				CLANG_WARN_RANGE_LOOP_ANALYSIS = YES;
				CLANG_WARN_STRICT_PROTOTYPES = YES;
				CLANG_WARN_SUSPICIOUS_MOVE = YES;
				CLANG_WARN_UNGUARDED_AVAILABILITY = YES_AGGRESSIVE;
				CLANG_WARN_UNREACHABLE_CODE = YES;
				CLANG_WARN__DUPLICATE_METHOD_MATCH = YES;
				COPY_PHASE_STRIP = NO;
				DEBUG_INFORMATION_FORMAT = "dwarf-with-dsym";
				ENABLE_NS_ASSERTIONS = NO;
				ENABLE_STRICT_OBJC_MSGSEND = YES;
				GCC_C_LANGUAGE_STANDARD = gnu11;
				GCC_NO_COMMON_BLOCKS = YES;
				GCC_WARN_64_TO_32_BIT_CONVERSION = YES;
				GCC_WARN_ABOUT_RETURN_TYPE = YES_ERROR;
				GCC_WARN_UNDECLARED_SELECTOR = YES;
				GCC_WARN_UNINITIALIZED_AUTOS = YES_AGGRESSIVE;
				GCC_WARN_UNUSED_FUNCTION = YES;
				GCC_WARN_UNUSED_VARIABLE = YES;
				IPHONEOS_DEPLOYMENT_TARGET = 14.3;
				MTL_ENABLE_DEBUG_INFO = NO;
				MTL_FAST_MATH = YES;
				SDKROOT = iphoneos;
				SWIFT_COMPILATION_MODE = wholemodule;
				SWIFT_OPTIMIZATION_LEVEL = "-O";
				VALIDATE_PRODUCT = YES;
			};
			name = Release;
		};
		4DAD659525D28C2600A6B1E4 /* Debug */ = {
			isa = XCBuildConfiguration;
			baseConfigurationReference = D6287C225D6EF70A5121D65A /* Pods-LearningSwift.debug.xcconfig */;
			buildSettings = {
				ASSETCATALOG_COMPILER_APPICON_NAME = AppIcon;
				ASSETCATALOG_COMPILER_GLOBAL_ACCENT_COLOR_NAME = AccentColor;
				CODE_SIGN_STYLE = Automatic;
				INFOPLIST_FILE = LearningSwift/Info.plist;
				LD_RUNPATH_SEARCH_PATHS = (
					"$(inherited)",
					"@executable_path/Frameworks",
				);
				PRODUCT_BUNDLE_IDENTIFIER = makarevich.LearningSwift;
				PRODUCT_NAME = "$(TARGET_NAME)";
				SWIFT_VERSION = 5.0;
				TARGETED_DEVICE_FAMILY = "1,2";
			};
			name = Debug;
		};
		4DAD659625D28C2600A6B1E4 /* Release */ = {
			isa = XCBuildConfiguration;
			baseConfigurationReference = F2C41961A1D421E9BC4F093D /* Pods-LearningSwift.release.xcconfig */;
			buildSettings = {
				ASSETCATALOG_COMPILER_APPICON_NAME = AppIcon;
				ASSETCATALOG_COMPILER_GLOBAL_ACCENT_COLOR_NAME = AccentColor;
				CODE_SIGN_STYLE = Automatic;
				INFOPLIST_FILE = LearningSwift/Info.plist;
				LD_RUNPATH_SEARCH_PATHS = (
					"$(inherited)",
					"@executable_path/Frameworks",
				);
				PRODUCT_BUNDLE_IDENTIFIER = makarevich.LearningSwift;
				PRODUCT_NAME = "$(TARGET_NAME)";
				SWIFT_VERSION = 5.0;
				TARGETED_DEVICE_FAMILY = "1,2";
			};
			name = Release;
		};
/* End XCBuildConfiguration section */

/* Begin XCConfigurationList section */
		4DAD657B25D28C2500A6B1E4 /* Build configuration list for PBXProject "LearningSwift" */ = {
			isa = XCConfigurationList;
			buildConfigurations = (
				4DAD659225D28C2600A6B1E4 /* Debug */,
				4DAD659325D28C2600A6B1E4 /* Release */,
			);
			defaultConfigurationIsVisible = 0;
			defaultConfigurationName = Release;
		};
		4DAD659425D28C2600A6B1E4 /* Build configuration list for PBXNativeTarget "LearningSwift" */ = {
			isa = XCConfigurationList;
			buildConfigurations = (
				4DAD659525D28C2600A6B1E4 /* Debug */,
				4DAD659625D28C2600A6B1E4 /* Release */,
			);
			defaultConfigurationIsVisible = 0;
			defaultConfigurationName = Release;
		};
/* End XCConfigurationList section */
	};
	rootObject = 4DAD657825D28C2500A6B1E4 /* Project object */;
}
